
Microsoft Visual Studio Solution File, Format Version 12.00
# Visual Studio Version 17
VisualStudioVersion = 17.9.34622.214
MinimumVisualStudioVersion = 10.0.40219.1
Project("{FAE04EC0-301F-11D3-BF4B-00C04F79EFBC}") = "MiNavegador", "MiNavegador.csproj", "{08F8D552-F595-4156-B140-A0C9413C6DD8}"
EndProject
Global
	GlobalSection(SolutionConfigurationPlatforms) = preSolution
		Debug|Any CPU = Debug|Any CPU
		Release|Any CPU = Release|Any CPU
	EndGlobalSection
	GlobalSection(ProjectConfigurationPlatforms) = postSolution
		{08F8D552-F595-4156-B140-A0C9413C6DD8}.Debug|Any CPU.ActiveCfg = Debug|Any CPU
		{08F8D552-F595-4156-B140-A0C9413C6DD8}.Debug|Any CPU.Build.0 = Debug|Any CPU
		{08F8D552-F595-4156-B140-A0C9413C6DD8}.Release|Any CPU.ActiveCfg = Release|Any CPU
		{08F8D552-F595-4156-B140-A0C9413C6DD8}.Release|Any CPU.Build.0 = Release|Any CPU
	EndGlobalSection
	GlobalSection(SolutionProperties) = preSolution
		HideSolutionNode = FALSE
	EndGlobalSection
	GlobalSection(ExtensibilityGlobals) = postSolution
		SolutionGuid = {DF231028-64E9-41DE-ADC6-E3EE6485C50E}
	EndGlobalSection
EndGlobal
